# THIS IS AN AUTOGENERATED FILE. DO NOT EDIT THIS FILE DIRECTLY.
# yarn lockfile v1


react-beforeunload@^2.6.0:
  version "2.6.0"
  resolved "https://registry.yarnpkg.com/react-beforeunload/-/react-beforeunload-2.6.0.tgz#e7ead8dc39009a205b4249619050772595bfeefd"
  integrity sha512-aKrGaRNc7fZQlDnmSYrXu4cbz9QEPhScA4A2mLxhjcULDy4VILLyLhSEjg2goIw3o5LQ1zss44kmQh5LXWYGCw==
